# THIS IS AN AUTOGENERATED FILE. DO NOT EDIT THIS FILE DIRECTLY.
# yarn lockfile v1


urlpattern-polyfill@^5.0.5:
  version "5.0.5"
  resolved "https://registry.yarnpkg.com/urlpattern-polyfill/-/urlpattern-polyfill-5.0.5.tgz#037adfd438161125f81d8199b9d493e91c5ce247"
  integrity sha512-Oq4ak65m3IezuCqYnxMN0cKh1eiL62YurYDCXp6epo91iBhN+aesVW8+q0qtUC9r84jKuTWXomWrnpkY5WWuRg==
